# @generated by Move, please check-in and do not edit manually.

[move]
version = 3
manifest_digest = "23B033DB0C5DE671B2E55F6AB3885FF0C3105394DE6AA1A5B6655EB393BA8F3C"
deps_digest = "3C4103934B1E040BB6B23F1D610B4EF9F2F1166A50A104EADCF77467C004C600"
dependencies = [
  { id = "MoveStdlib", name = "MoveStdlib" },
  { id = "One", name = "One" },
]

[[move.package]]
id = "MoveStdlib"
source = { local = "../../onechain/crates/sui-framework/packages/move-stdlib" }

[[move.package]]
id = "One"
source = { local = "../../onechain/crates/sui-framework/packages/one-framework" }

dependencies = [
  { id = "MoveStdlib", name = "MoveStdlib" },
]

[move.toolchain-version]
compiler-version = "1.1.1"
edition = "2024.beta"
flavor = "one"

[env]

[env.testnet]
chain-id = "1bd5c965"
original-published-id = "0x26a7e13cf0c32bd5c0b5556ec0d6ec1b470756d07b10c5162fa3f9063b489d67"
latest-published-id = "0x26a7e13cf0c32bd5c0b5556ec0d6ec1b470756d07b10c5162fa3f9063b489d67"
published-version = "1"
